
Microsoft Visual Studio Solution File, Format Version 12.00
# Visual Studio 15
VisualStudioVersion = 15.0.27428.2011
MinimumVisualStudioVersion = 10.0.40219.1
Project("{FAE04EC0-301F-11D3-BF4B-00C04F79EFBC}") = "Trung.Webform", "Trung.Webform\Trung.Webform.csproj", "{FD3EC9FB-5B73-403F-9EB3-518F17940B20}"
EndProject
Global
	GlobalSection(SolutionConfigurationPlatforms) = preSolution
		Debug|Any CPU = Debug|Any CPU
		Release|Any CPU = Release|Any CPU
	EndGlobalSection
	GlobalSection(ProjectConfigurationPlatforms) = postSolution
		{FD3EC9FB-5B73-403F-9EB3-518F17940B20}.Debug|Any CPU.ActiveCfg = Debug|Any CPU
		{FD3EC9FB-5B73-403F-9EB3-518F17940B20}.Debug|Any CPU.Build.0 = Debug|Any CPU
		{FD3EC9FB-5B73-403F-9EB3-518F17940B20}.Release|Any CPU.ActiveCfg = Release|Any CPU
		{FD3EC9FB-5B73-403F-9EB3-518F17940B20}.Release|Any CPU.Build.0 = Release|Any CPU
	EndGlobalSection
	GlobalSection(SolutionProperties) = preSolution
		HideSolutionNode = FALSE
	EndGlobalSection
	GlobalSection(ExtensibilityGlobals) = postSolution
		SolutionGuid = {3B480B47-E72A-4B62-BADE-4D4EA65182BE}
	EndGlobalSection
EndGlobal
